
Microsoft Visual Studio Solution File, Format Version 12.00
# Visual Studio 15
Project("{FAE04EC0-301F-11D3-BF4B-00C04F79EFBC}") = "HSVPicker", "HSVPicker.csproj", "{B59E68BB-F459-D4DD-8429-F149048C456B}"
EndProject
Project("{FAE04EC0-301F-11D3-BF4B-00C04F79EFBC}") = "Assembly-CSharp", "Assembly-CSharp.csproj", "{C5C74F89-673F-12B2-8B33-4DCFCFCC118D}"
EndProject
Project("{FAE04EC0-301F-11D3-BF4B-00C04F79EFBC}") = "HSVPicker.Editors", "HSVPicker.Editors.csproj", "{3E9C9098-93A5-E8CB-49B1-1E8ADCFE2982}"
EndProject
Project("{FAE04EC0-301F-11D3-BF4B-00C04F79EFBC}") = "Assembly-CSharp-Editor", "Assembly-CSharp-Editor.csproj", "{75C46B15-FD86-2C7D-66A7-B50BED6F26E3}"
EndProject
Global
	GlobalSection(SolutionConfigurationPlatforms) = preSolution
		Debug|Any CPU = Debug|Any CPU
		Release|Any CPU = Release|Any CPU
	EndGlobalSection
	GlobalSection(ProjectConfigurationPlatforms) = postSolution
		{B59E68BB-F459-D4DD-8429-F149048C456B}.Debug|Any CPU.ActiveCfg = Debug|Any CPU
		{B59E68BB-F459-D4DD-8429-F149048C456B}.Debug|Any CPU.Build.0 = Debug|Any CPU
		{B59E68BB-F459-D4DD-8429-F149048C456B}.Release|Any CPU.ActiveCfg = Release|Any CPU
		{B59E68BB-F459-D4DD-8429-F149048C456B}.Release|Any CPU.Build.0 = Release|Any CPU
		{C5C74F89-673F-12B2-8B33-4DCFCFCC118D}.Debug|Any CPU.ActiveCfg = Debug|Any CPU
		{C5C74F89-673F-12B2-8B33-4DCFCFCC118D}.Debug|Any CPU.Build.0 = Debug|Any CPU
		{C5C74F89-673F-12B2-8B33-4DCFCFCC118D}.Release|Any CPU.ActiveCfg = Release|Any CPU
		{C5C74F89-673F-12B2-8B33-4DCFCFCC118D}.Release|Any CPU.Build.0 = Release|Any CPU
		{3E9C9098-93A5-E8CB-49B1-1E8ADCFE2982}.Debug|Any CPU.ActiveCfg = Debug|Any CPU
		{3E9C9098-93A5-E8CB-49B1-1E8ADCFE2982}.Debug|Any CPU.Build.0 = Debug|Any CPU
		{3E9C9098-93A5-E8CB-49B1-1E8ADCFE2982}.Release|Any CPU.ActiveCfg = Release|Any CPU
		{3E9C9098-93A5-E8CB-49B1-1E8ADCFE2982}.Release|Any CPU.Build.0 = Release|Any CPU
		{75C46B15-FD86-2C7D-66A7-B50BED6F26E3}.Debug|Any CPU.ActiveCfg = Debug|Any CPU
		{75C46B15-FD86-2C7D-66A7-B50BED6F26E3}.Debug|Any CPU.Build.0 = Debug|Any CPU
		{75C46B15-FD86-2C7D-66A7-B50BED6F26E3}.Release|Any CPU.ActiveCfg = Release|Any CPU
		{75C46B15-FD86-2C7D-66A7-B50BED6F26E3}.Release|Any CPU.Build.0 = Release|Any CPU
	EndGlobalSection
	GlobalSection(SolutionProperties) = preSolution
		HideSolutionNode = FALSE
	EndGlobalSection
EndGlobal
